// !$*UTF8*$!
{
	archiveVersion = 1;
	classes = {
	};
	objectVersion = 50;
	objects = {

/* Begin PBXBuildFile section */
		C44849D425C08B6300E22044 /* IntermediaryModels.swift in Sources */ = {isa = PBXBuildFile; fileRef = C44849D325C08B6300E22044 /* IntermediaryModels.swift */; };
		C44849D725C08CB400E22044 /* Order.swift in Sources */ = {isa = PBXBuildFile; fileRef = C44849D625C08CB400E22044 /* Order.swift */; };
		C44849DA25C08E7400E22044 /* NetworkManagerMenuController.swift in Sources */ = {isa = PBXBuildFile; fileRef = C44849D925C08E7400E22044 /* NetworkManagerMenuController.swift */; };
		C45A731B25C052E10038AC06 /* AppDelegate.swift in Sources */ = {isa = PBXBuildFile; fileRef = C45A731A25C052E10038AC06 /* AppDelegate.swift */; };
		C45A731D25C052E10038AC06 /* SceneDelegate.swift in Sources */ = {isa = PBXBuildFile; fileRef = C45A731C25C052E10038AC06 /* SceneDelegate.swift */; };
		C45A732225C052E10038AC06 /* Main.storyboard in Resources */ = {isa = PBXBuildFile; fileRef = C45A732025C052E10038AC06 /* Main.storyboard */; };
		C45A732425C052E40038AC06 /* Assets.xcassets in Resources */ = {isa = PBXBuildFile; fileRef = C45A732325C052E40038AC06 /* Assets.xcassets */; };
		C45A732725C052E40038AC06 /* LaunchScreen.storyboard in Resources */ = {isa = PBXBuildFile; fileRef = C45A732525C052E40038AC06 /* LaunchScreen.storyboard */; };
		C45A733525C060850038AC06 /* CategoryTableViewController.swift in Sources */ = {isa = PBXBuildFile; fileRef = C45A733425C060850038AC06 /* CategoryTableViewController.swift */; };
		C45A733825C0627A0038AC06 /* MenuTableViewController.swift in Sources */ = {isa = PBXBuildFile; fileRef = C45A733725C0627A0038AC06 /* MenuTableViewController.swift */; };
		C45A733B25C062F50038AC06 /* MenuItemDetailViewController.swift in Sources */ = {isa = PBXBuildFile; fileRef = C45A733A25C062F50038AC06 /* MenuItemDetailViewController.swift */; };
		C45A733E25C064B80038AC06 /* MenuItems.swift in Sources */ = {isa = PBXBuildFile; fileRef = C45A733D25C064B80038AC06 /* MenuItems.swift */; };
/* End PBXBuildFile section */

/* Begin PBXFileReference section */
		C44849D325C08B6300E22044 /* IntermediaryModels.swift */ = {isa = PBXFileReference; lastKnownFileType = sourcecode.swift; path = IntermediaryModels.swift; sourceTree = "<group>"; };
		C44849D625C08CB400E22044 /* Order.swift */ = {isa = PBXFileReference; lastKnownFileType = sourcecode.swift; path = Order.swift; sourceTree = "<group>"; };
		C44849D925C08E7400E22044 /* NetworkManagerMenuController.swift */ = {isa = PBXFileReference; lastKnownFileType = sourcecode.swift; path = NetworkManagerMenuController.swift; sourceTree = "<group>"; };
		C45A731725C052E10038AC06 /* Restaurant.app */ = {isa = PBXFileReference; explicitFileType = wrapper.application; includeInIndex = 0; path = Restaurant.app; sourceTree = BUILT_PRODUCTS_DIR; };
		C45A731A25C052E10038AC06 /* AppDelegate.swift */ = {isa = PBXFileReference; lastKnownFileType = sourcecode.swift; path = AppDelegate.swift; sourceTree = "<group>"; };
		C45A731C25C052E10038AC06 /* SceneDelegate.swift */ = {isa = PBXFileReference; lastKnownFileType = sourcecode.swift; path = SceneDelegate.swift; sourceTree = "<group>"; };
		C45A732125C052E10038AC06 /* Base */ = {isa = PBXFileReference; lastKnownFileType = file.storyboard; name = Base; path = Base.lproj/Main.storyboard; sourceTree = "<group>"; };
		C45A732325C052E40038AC06 /* Assets.xcassets */ = {isa = PBXFileReference; lastKnownFileType = folder.assetcatalog; path = Assets.xcassets; sourceTree = "<group>"; };
		C45A732625C052E40038AC06 /* Base */ = {isa = PBXFileReference; lastKnownFileType = file.storyboard; name = Base; path = Base.lproj/LaunchScreen.storyboard; sourceTree = "<group>"; };
		C45A732825C052E40038AC06 /* Info.plist */ = {isa = PBXFileReference; lastKnownFileType = text.plist.xml; path = Info.plist; sourceTree = "<group>"; };
		C45A733425C060850038AC06 /* CategoryTableViewController.swift */ = {isa = PBXFileReference; lastKnownFileType = sourcecode.swift; path = CategoryTableViewController.swift; sourceTree = "<group>"; };
		C45A733725C0627A0038AC06 /* MenuTableViewController.swift */ = {isa = PBXFileReference; lastKnownFileType = sourcecode.swift; path = MenuTableViewController.swift; sourceTree = "<group>"; };
		C45A733A25C062F50038AC06 /* MenuItemDetailViewController.swift */ = {isa = PBXFileReference; lastKnownFileType = sourcecode.swift; path = MenuItemDetailViewController.swift; sourceTree = "<group>"; };
		C45A733D25C064B80038AC06 /* MenuItems.swift */ = {isa = PBXFileReference; lastKnownFileType = sourcecode.swift; path = MenuItems.swift; sourceTree = "<group>"; };
/* End PBXFileReference section */

/* Begin PBXFrameworksBuildPhase section */
		C45A731425C052E10038AC06 /* Frameworks */ = {
			isa = PBXFrameworksBuildPhase;
			buildActionMask = 2147483647;
			files = (
			);
			runOnlyForDeploymentPostprocessing = 0;
		};
/* End PBXFrameworksBuildPhase section */

/* Begin PBXGroup section */
		C45A730E25C052E10038AC06 = {
			isa = PBXGroup;
			children = (
				C45A731925C052E10038AC06 /* Restaurant */,
				C45A731825C052E10038AC06 /* Products */,
			);
			sourceTree = "<group>";
		};
		C45A731825C052E10038AC06 /* Products */ = {
			isa = PBXGroup;
			children = (
				C45A731725C052E10038AC06 /* Restaurant.app */,
			);
			name = Products;
			sourceTree = "<group>";
		};
		C45A731925C052E10038AC06 /* Restaurant */ = {
			isa = PBXGroup;
			children = (
				C45A732F25C05C4E0038AC06 /* App */,
				C45A733225C05C910038AC06 /* Models */,
				C45A733125C05C710038AC06 /* Controllers */,
				C45A732325C052E40038AC06 /* Assets.xcassets */,
				C45A732825C052E40038AC06 /* Info.plist */,
			);
			path = Restaurant;
			sourceTree = "<group>";
		};
		C45A732F25C05C4E0038AC06 /* App */ = {
			isa = PBXGroup;
			children = (
				C45A731A25C052E10038AC06 /* AppDelegate.swift */,
				C45A731C25C052E10038AC06 /* SceneDelegate.swift */,
				C45A732025C052E10038AC06 /* Main.storyboard */,
				C45A732525C052E40038AC06 /* LaunchScreen.storyboard */,
			);
			path = App;
			sourceTree = "<group>";
		};
		C45A733125C05C710038AC06 /* Controllers */ = {
			isa = PBXGroup;
			children = (
				C45A733425C060850038AC06 /* CategoryTableViewController.swift */,
				C45A733725C0627A0038AC06 /* MenuTableViewController.swift */,
				C45A733A25C062F50038AC06 /* MenuItemDetailViewController.swift */,
				C44849D925C08E7400E22044 /* NetworkManagerMenuController.swift */,
			);
			path = Controllers;
			sourceTree = "<group>";
		};
		C45A733225C05C910038AC06 /* Models */ = {
			isa = PBXGroup;
			children = (
				C45A733D25C064B80038AC06 /* MenuItems.swift */,
				C44849D325C08B6300E22044 /* IntermediaryModels.swift */,
				C44849D625C08CB400E22044 /* Order.swift */,
			);
			path = Models;
			sourceTree = "<group>";
		};
/* End PBXGroup section */

/* Begin PBXNativeTarget section */
		C45A731625C052E10038AC06 /* Restaurant */ = {
			isa = PBXNativeTarget;
			buildConfigurationList = C45A732B25C052E40038AC06 /* Build configuration list for PBXNativeTarget "Restaurant" */;
			buildPhases = (
				C45A731325C052E10038AC06 /* Sources */,
				C45A731425C052E10038AC06 /* Frameworks */,
				C45A731525C052E10038AC06 /* Resources */,
			);
			buildRules = (
			);
			dependencies = (
			);
			name = Restaurant;
			productName = Restaurant;
			productReference = C45A731725C052E10038AC06 /* Restaurant.app */;
			productType = "com.apple.product-type.application";
		};
/* End PBXNativeTarget section */

/* Begin PBXProject section */
		C45A730F25C052E10038AC06 /* Project object */ = {
			isa = PBXProject;
			attributes = {
				LastSwiftUpdateCheck = 1230;
				LastUpgradeCheck = 1230;
				TargetAttributes = {
					C45A731625C052E10038AC06 = {
						CreatedOnToolsVersion = 12.3;
					};
				};
			};
			buildConfigurationList = C45A731225C052E10038AC06 /* Build configuration list for PBXProject "Restaurant" */;
			compatibilityVersion = "Xcode 9.3";
			developmentRegion = en;
			hasScannedForEncodings = 0;
			knownRegions = (
				en,
				Base,
			);
			mainGroup = C45A730E25C052E10038AC06;
			productRefGroup = C45A731825C052E10038AC06 /* Products */;
			projectDirPath = "";
			projectRoot = "";
			targets = (
				C45A731625C052E10038AC06 /* Restaurant */,
			);
		};
/* End PBXProject section */

/* Begin PBXResourcesBuildPhase section */
		C45A731525C052E10038AC06 /* Resources */ = {
			isa = PBXResourcesBuildPhase;
			buildActionMask = 2147483647;
			files = (
				C45A732725C052E40038AC06 /* LaunchScreen.storyboard in Resources */,
				C45A732425C052E40038AC06 /* Assets.xcassets in Resources */,
				C45A732225C052E10038AC06 /* Main.storyboard in Resources */,
			);
			runOnlyForDeploymentPostprocessing = 0;
		};
/* End PBXResourcesBuildPhase section */

/* Begin PBXSourcesBuildPhase section */
		C45A731325C052E10038AC06 /* Sources */ = {
			isa = PBXSourcesBuildPhase;
			buildActionMask = 2147483647;
			files = (
				C45A733B25C062F50038AC06 /* MenuItemDetailViewController.swift in Sources */,
				C44849DA25C08E7400E22044 /* NetworkManagerMenuController.swift in Sources */,
				C45A733825C0627A0038AC06 /* MenuTableViewController.swift in Sources */,
				C44849D725C08CB400E22044 /* Order.swift in Sources */,
				C45A731B25C052E10038AC06 /* AppDelegate.swift in Sources */,
				C45A731D25C052E10038AC06 /* SceneDelegate.swift in Sources */,
				C45A733525C060850038AC06 /* CategoryTableViewController.swift in Sources */,
				C45A733E25C064B80038AC06 /* MenuItems.swift in Sources */,
				C44849D425C08B6300E22044 /* IntermediaryModels.swift in Sources */,
			);
			runOnlyForDeploymentPostprocessing = 0;
		};
/* End PBXSourcesBuildPhase section */

/* Begin PBXVariantGroup section */
		C45A732025C052E10038AC06 /* Main.storyboard */ = {
			isa = PBXVariantGroup;
			children = (
				C45A732125C052E10038AC06 /* Base */,
			);
			name = Main.storyboard;
			sourceTree = "<group>";
		};
		C45A732525C052E40038AC06 /* LaunchScreen.storyboard */ = {
			isa = PBXVariantGroup;
			children = (
				C45A732625C052E40038AC06 /* Base */,
			);
			name = LaunchScreen.storyboard;
			sourceTree = "<group>";
		};
/* End PBXVariantGroup section */

/* Begin XCBuildConfiguration section */
		C45A732925C052E40038AC06 /* Debug */ = {
			isa = XCBuildConfiguration;
			buildSettings = {
				ALWAYS_SEARCH_USER_PATHS = NO;
				CLANG_ANALYZER_NONNULL = YES;
				CLANG_ANALYZER_NUMBER_OBJECT_CONVERSION = YES_AGGRESSIVE;
				CLANG_CXX_LANGUAGE_STANDARD = "gnu++14";
				CLANG_CXX_LIBRARY = "libc++";
				CLANG_ENABLE_MODULES = YES;
				CLANG_ENABLE_OBJC_ARC = YES;
				CLANG_ENABLE_OBJC_WEAK = YES;
				CLANG_WARN_BLOCK_CAPTURE_AUTORELEASING = YES;
				CLANG_WARN_BOOL_CONVERSION = YES;
				CLANG_WARN_COMMA = YES;
				CLANG_WARN_CONSTANT_CONVERSION = YES;
				CLANG_WARN_DEPRECATED_OBJC_IMPLEMENTATIONS = YES;
				CLANG_WARN_DIRECT_OBJC_ISA_USAGE = YES_ERROR;
				CLANG_WARN_DOCUMENTATION_COMMENTS = YES;
				CLANG_WARN_EMPTY_BODY = YES;
				CLANG_WARN_ENUM_CONVERSION = YES;
				CLANG_WARN_INFINITE_RECURSION = YES;
				CLANG_WARN_INT_CONVERSION = YES;
				CLANG_WARN_NON_LITERAL_NULL_CONVERSION = YES;
				CLANG_WARN_OBJC_IMPLICIT_RETAIN_SELF = YES;
				CLANG_WARN_OBJC_LITERAL_CONVERSION = YES;
				CLANG_WARN_OBJC_ROOT_CLASS = YES_ERROR;
				CLANG_WARN_QUOTED_INCLUDE_IN_FRAMEWORK_HEADER = YES;
				CLANG_WARN_RANGE_LOOP_ANALYSIS = YES;
				CLANG_WARN_STRICT_PROTOTYPES = YES;
				CLANG_WARN_SUSPICIOUS_MOVE = YES;
				CLANG_WARN_UNGUARDED_AVAILABILITY = YES_AGGRESSIVE;
				CLANG_WARN_UNREACHABLE_CODE = YES;
				CLANG_WARN__DUPLICATE_METHOD_MATCH = YES;
				COPY_PHASE_STRIP = NO;
				DEBUG_INFORMATION_FORMAT = dwarf;
				ENABLE_STRICT_OBJC_MSGSEND = YES;
				ENABLE_TESTABILITY = YES;
				GCC_C_LANGUAGE_STANDARD = gnu11;
				GCC_DYNAMIC_NO_PIC = NO;
				GCC_NO_COMMON_BLOCKS = YES;
				GCC_OPTIMIZATION_LEVEL = 0;
				GCC_PREPROCESSOR_DEFINITIONS = (
					"DEBUG=1",
					"$(inherited)",
				);
				GCC_WARN_64_TO_32_BIT_CONVERSION = YES;
				GCC_WARN_ABOUT_RETURN_TYPE = YES_ERROR;
				GCC_WARN_UNDECLARED_SELECTOR = YES;
				GCC_WARN_UNINITIALIZED_AUTOS = YES_AGGRESSIVE;
				GCC_WARN_UNUSED_FUNCTION = YES;
				GCC_WARN_UNUSED_VARIABLE = YES;
				IPHONEOS_DEPLOYMENT_TARGET = 14.3;
				MTL_ENABLE_DEBUG_INFO = INCLUDE_SOURCE;
				MTL_FAST_MATH = YES;
				ONLY_ACTIVE_ARCH = YES;
				SDKROOT = iphoneos;
				SWIFT_ACTIVE_COMPILATION_CONDITIONS = DEBUG;
				SWIFT_OPTIMIZATION_LEVEL = "-Onone";
			};
			name = Debug;
		};
		C45A732A25C052E40038AC06 /* Release */ = {
			isa = XCBuildConfiguration;
			buildSettings = {
				ALWAYS_SEARCH_USER_PATHS = NO;
				CLANG_ANALYZER_NONNULL = YES;
				CLANG_ANALYZER_NUMBER_OBJECT_CONVERSION = YES_AGGRESSIVE;
				CLANG_CXX_LANGUAGE_STANDARD = "gnu++14";
				CLANG_CXX_LIBRARY = "libc++";
				CLANG_ENABLE_MODULES = YES;
				CLANG_ENABLE_OBJC_ARC = YES;
				CLANG_ENABLE_OBJC_WEAK = YES;
				CLANG_WARN_BLOCK_CAPTURE_AUTORELEASING = YES;
				CLANG_WARN_BOOL_CONVERSION = YES;
				CLANG_WARN_COMMA = YES;
				CLANG_WARN_CONSTANT_CONVERSION = YES;
				CLANG_WARN_DEPRECATED_OBJC_IMPLEMENTATIONS = YES;
				CLANG_WARN_DIRECT_OBJC_ISA_USAGE = YES_ERROR;
				CLANG_WARN_DOCUMENTATION_COMMENTS = YES;
				CLANG_WARN_EMPTY_BODY = YES;
				CLANG_WARN_ENUM_CONVERSION = YES;
				CLANG_WARN_INFINITE_RECURSION = YES;
				CLANG_WARN_INT_CONVERSION = YES;
				CLANG_WARN_NON_LITERAL_NULL_CONVERSION = YES;
				CLANG_WARN_OBJC_IMPLICIT_RETAIN_SELF = YES;
				CLANG_WARN_OBJC_LITERAL_CONVERSION = YES;
				CLANG_WARN_OBJC_ROOT_CLASS = YES_ERROR;
				CLANG_WARN_QUOTED_INCLUDE_IN_FRAMEWORK_HEADER = YES;
				CLANG_WARN_RANGE_LOOP_ANALYSIS = YES;
				CLANG_WARN_STRICT_PROTOTYPES = YES;
				CLANG_WARN_SUSPICIOUS_MOVE = YES;
				CLANG_WARN_UNGUARDED_AVAILABILITY = YES_AGGRESSIVE;
				CLANG_WARN_UNREACHABLE_CODE = YES;
				CLANG_WARN__DUPLICATE_METHOD_MATCH = YES;
				COPY_PHASE_STRIP = NO;
				DEBUG_INFORMATION_FORMAT = "dwarf-with-dsym";
				ENABLE_NS_ASSERTIONS = NO;
				ENABLE_STRICT_OBJC_MSGSEND = YES;
				GCC_C_LANGUAGE_STANDARD = gnu11;
				GCC_NO_COMMON_BLOCKS = YES;
				GCC_WARN_64_TO_32_BIT_CONVERSION = YES;
				GCC_WARN_ABOUT_RETURN_TYPE = YES_ERROR;
				GCC_WARN_UNDECLARED_SELECTOR = YES;
				GCC_WARN_UNINITIALIZED_AUTOS = YES_AGGRESSIVE;
				GCC_WARN_UNUSED_FUNCTION = YES;
				GCC_WARN_UNUSED_VARIABLE = YES;
				IPHONEOS_DEPLOYMENT_TARGET = 14.3;
				MTL_ENABLE_DEBUG_INFO = NO;
				MTL_FAST_MATH = YES;
				SDKROOT = iphoneos;
				SWIFT_COMPILATION_MODE = wholemodule;
				SWIFT_OPTIMIZATION_LEVEL = "-O";
				VALIDATE_PRODUCT = YES;
			};
			name = Release;
		};
		C45A732C25C052E40038AC06 /* Debug */ = {
			isa = XCBuildConfiguration;
			buildSettings = {
				ASSETCATALOG_COMPILER_APPICON_NAME = AppIcon;
				ASSETCATALOG_COMPILER_GLOBAL_ACCENT_COLOR_NAME = AccentColor;
				CODE_SIGN_STYLE = Automatic;
				DEVELOPMENT_TEAM = 7FWE3GPY5W;
				INFOPLIST_FILE = Restaurant/Info.plist;
				LD_RUNPATH_SEARCH_PATHS = (
					"$(inherited)",
					"@executable_path/Frameworks",
				);
				PRODUCT_BUNDLE_IDENTIFIER = Yaroslav.Restaurant;
				PRODUCT_NAME = "$(TARGET_NAME)";
				SWIFT_VERSION = 5.0;
				TARGETED_DEVICE_FAMILY = "1,2";
			};
			name = Debug;
		};
		C45A732D25C052E40038AC06 /* Release */ = {
			isa = XCBuildConfiguration;
			buildSettings = {
				ASSETCATALOG_COMPILER_APPICON_NAME = AppIcon;
				ASSETCATALOG_COMPILER_GLOBAL_ACCENT_COLOR_NAME = AccentColor;
				CODE_SIGN_STYLE = Automatic;
				DEVELOPMENT_TEAM = 7FWE3GPY5W;
				INFOPLIST_FILE = Restaurant/Info.plist;
				LD_RUNPATH_SEARCH_PATHS = (
					"$(inherited)",
					"@executable_path/Frameworks",
				);
				PRODUCT_BUNDLE_IDENTIFIER = Yaroslav.Restaurant;
				PRODUCT_NAME = "$(TARGET_NAME)";
				SWIFT_VERSION = 5.0;
				TARGETED_DEVICE_FAMILY = "1,2";
			};
			name = Release;
		};
/* End XCBuildConfiguration section */

/* Begin XCConfigurationList section */
		C45A731225C052E10038AC06 /* Build configuration list for PBXProject "Restaurant" */ = {
			isa = XCConfigurationList;
			buildConfigurations = (
				C45A732925C052E40038AC06 /* Debug */,
				C45A732A25C052E40038AC06 /* Release */,
			);
			defaultConfigurationIsVisible = 0;
			defaultConfigurationName = Release;
		};
		C45A732B25C052E40038AC06 /* Build configuration list for PBXNativeTarget "Restaurant" */ = {
			isa = XCConfigurationList;
			buildConfigurations = (
				C45A732C25C052E40038AC06 /* Debug */,
				C45A732D25C052E40038AC06 /* Release */,
			);
			defaultConfigurationIsVisible = 0;
			defaultConfigurationName = Release;
		};
/* End XCConfigurationList section */
	};
	rootObject = C45A730F25C052E10038AC06 /* Project object */;
}
